version: 6
environments:
  default:
    channels:
    - url: https://conda.anaconda.org/conda-forge/
    options:
      pypi-prerelease-mode: if-necessary-or-explicit
    packages:
      linux-64:
      - conda: https://conda.anaconda.org/conda-forge/linux-64/_openmp_mutex-4.5-20_gnu.conda
      - conda: https://conda.anaconda.org/conda-forge/linux-64/bzip2-1.0.8-hda65f42_9.conda
      - conda: https://conda.anaconda.org/conda-forge/noarch/ca-certificates-2026.5.20-hbd8a1cb_0.conda
      - conda: https://conda.anaconda.org/conda-forge/linux-64/dart-sass-1.100.0-hfc2019e_0.conda
      - conda: https://conda.anaconda.org/conda-forge/linux-64/deno-2.4.5-h6046fbb_0.conda
      - conda: https://conda.anaconda.org/conda-forge/linux-64/deno-dom-0.1.41-h4768de7_0.conda
      - conda: https://conda.anaconda.org/conda-forge/linux-64/esbuild-0.28.0-hfc2019e_1.conda
      - conda: https://conda.anaconda.org/conda-forge/linux-64/ld_impl_linux-64-2.45.1-default_hbd61a6d_102.conda
      - conda: https://conda.anaconda.org/conda-forge/linux-64/libexpat-2.8.1-hecca717_0.conda
      - conda: https://conda.anaconda.org/conda-forge/linux-64/libffi-3.5.2-h3435931_0.conda
      - conda: https://conda.anaconda.org/conda-forge/linux-64/libgcc-15.2.0-he0feb66_19.conda
      - conda: https://conda.anaconda.org/conda-forge/linux-64/libgcc-ng-15.2.0-h69a702a_19.conda
      - conda: https://conda.anaconda.org/conda-forge/linux-64/libgomp-15.2.0-he0feb66_19.conda
      - conda: https://conda.anaconda.org/conda-forge/linux-64/liblzma-5.8.3-hb03c661_0.conda
      - conda: https://conda.anaconda.org/conda-forge/linux-64/liblzma-devel-5.8.3-hb03c661_0.conda
      - conda: https://conda.anaconda.org/conda-forge/linux-64/libnsl-2.0.1-hb9d3cd8_1.conda
      - conda: https://conda.anaconda.org/conda-forge/linux-64/libsqlite-3.53.1-h0c1763c_0.conda
      - conda: https://conda.anaconda.org/conda-forge/linux-64/libuuid-2.42.1-h5347b49_0.conda
      - conda: https://conda.anaconda.org/conda-forge/linux-64/libzlib-1.3.2-h25fd6f3_2.conda
      - conda: https://conda.anaconda.org/conda-forge/linux-64/ncurses-6.6-hdb14827_0.conda
      - conda: https://conda.anaconda.org/conda-forge/linux-64/openssl-3.6.2-h35e630c_0.conda
      - conda: https://conda.anaconda.org/conda-forge/linux-64/pandoc-3.8.3-ha770c72_0.conda
      - conda: https://conda.anaconda.org/conda-forge/linux-64/python-3.12.0-hab00c5b_0_cpython.conda
      - conda: https://conda.anaconda.org/conda-forge/linux-64/quarto-1.9.38-h920450f_0.conda
      - conda: https://conda.anaconda.org/conda-forge/linux-64/readline-8.3-h853b02a_0.conda
      - conda: https://conda.anaconda.org/conda-forge/linux-64/tk-8.6.13-noxft_h366c992_103.conda
      - conda: https://conda.anaconda.org/conda-forge/linux-64/typst-0.14.2-h4c46f8d_0.conda
      - conda: https://conda.anaconda.org/conda-forge/noarch/tzdata-2025c-hc9c84f9_1.conda
      - conda: https://conda.anaconda.org/conda-forge/linux-64/xz-5.8.3-ha02ee65_0.conda
      - conda: https://conda.anaconda.org/conda-forge/linux-64/xz-gpl-tools-5.8.3-ha02ee65_0.conda
      - conda: https://conda.anaconda.org/conda-forge/linux-64/xz-tools-5.8.3-hb03c661_0.conda
      - conda: https://conda.anaconda.org/conda-forge/linux-64/zstd-1.5.7-hb78ec9c_6.conda
      osx-64:
      - conda: https://conda.anaconda.org/conda-forge/osx-64/bzip2-1.0.8-h500dc9f_9.conda
      - conda: https://conda.anaconda.org/conda-forge/noarch/ca-certificates-2026.5.20-hbd8a1cb_0.conda
      - conda: https://conda.anaconda.org/conda-forge/osx-64/dart-sass-1.100.0-h8822bef_0.conda
      - conda: https://conda.anaconda.org/conda-forge/osx-64/deno-2.4.5-h42a321a_0.conda
      - conda: https://conda.anaconda.org/conda-forge/osx-64/deno-dom-0.1.41-h51332c3_0.conda
      - conda: https://conda.anaconda.org/conda-forge/osx-64/esbuild-0.28.0-h5839d16_1.conda
      - conda: https://conda.anaconda.org/conda-forge/osx-64/icu-78.3-h25d91c4_0.conda
      - conda: https://conda.anaconda.org/conda-forge/osx-64/libexpat-2.8.1-hcc62823_0.conda
      - conda: https://conda.anaconda.org/conda-forge/osx-64/libffi-3.5.2-hd1f9c09_0.conda
      - conda: https://conda.anaconda.org/conda-forge/osx-64/liblzma-5.8.3-hbb4bfdb_0.conda
      - conda: https://conda.anaconda.org/conda-forge/osx-64/liblzma-devel-5.8.3-hbb4bfdb_0.conda
      - conda: https://conda.anaconda.org/conda-forge/osx-64/libsqlite-3.53.1-h8f8c405_0.conda
      - conda: https://conda.anaconda.org/conda-forge/osx-64/libzlib-1.3.2-hbb4bfdb_2.conda
      - conda: https://conda.anaconda.org/conda-forge/osx-64/ncurses-6.6-hcc0dc9a_0.conda
      - conda: https://conda.anaconda.org/conda-forge/osx-64/openssl-3.6.2-hc881268_0.conda
      - conda: https://conda.anaconda.org/conda-forge/osx-64/pandoc-3.8.3-h694c41f_0.conda
      - conda: https://conda.anaconda.org/conda-forge/osx-64/python-3.12.0-h30d4d87_0_cpython.conda
      - conda: https://conda.anaconda.org/conda-forge/osx-64/quarto-1.9.38-h7a197ef_0.conda
      - conda: https://conda.anaconda.org/conda-forge/osx-64/readline-8.3-h68b038d_0.conda
      - conda: https://conda.anaconda.org/conda-forge/osx-64/tk-8.6.13-h7142dee_3.conda
      - conda: https://conda.anaconda.org/conda-forge/osx-64/typst-0.14.2-h121f529_0.conda
      - conda: https://conda.anaconda.org/conda-forge/noarch/tzdata-2025c-hc9c84f9_1.conda
      - conda: https://conda.anaconda.org/conda-forge/osx-64/xz-5.8.3-h6a5a847_0.conda
      - conda: https://conda.anaconda.org/conda-forge/osx-64/xz-gpl-tools-5.8.3-h6a5a847_0.conda
      - conda: https://conda.anaconda.org/conda-forge/osx-64/xz-tools-5.8.3-hbb4bfdb_0.conda
      osx-arm64:
      - conda: https://conda.anaconda.org/conda-forge/osx-arm64/bzip2-1.0.8-hd037594_9.conda
      - conda: https://conda.anaconda.org/conda-forge/noarch/ca-certificates-2026.5.20-hbd8a1cb_0.conda
      - conda: https://conda.anaconda.org/conda-forge/osx-arm64/dart-sass-1.100.0-h820172f_0.conda
      - conda: https://conda.anaconda.org/conda-forge/osx-arm64/deno-2.4.5-h248350f_0.conda
      - conda: https://conda.anaconda.org/conda-forge/osx-arm64/deno-dom-0.1.41-hde76f7a_0.conda
      - conda: https://conda.anaconda.org/conda-forge/osx-arm64/esbuild-0.28.0-hf76c51c_1.conda
      - conda: https://conda.anaconda.org/conda-forge/osx-arm64/libexpat-2.8.1-hf6b4638_0.conda
      - conda: https://conda.anaconda.org/conda-forge/osx-arm64/libffi-3.5.2-hcf2aa1b_0.conda
      - conda: https://conda.anaconda.org/conda-forge/osx-arm64/liblzma-5.8.3-h8088a28_0.conda
      - conda: https://conda.anaconda.org/conda-forge/osx-arm64/liblzma-devel-5.8.3-h8088a28_0.conda
      - conda: https://conda.anaconda.org/conda-forge/osx-arm64/libsqlite-3.53.1-h1b79a29_0.conda
      - conda: https://conda.anaconda.org/conda-forge/osx-arm64/libzlib-1.3.2-h8088a28_2.conda
      - conda: https://conda.anaconda.org/conda-forge/osx-arm64/ncurses-6.6-h1d4f5a5_0.conda
      - conda: https://conda.anaconda.org/conda-forge/osx-arm64/openssl-3.6.2-hd24854e_0.conda
      - conda: https://conda.anaconda.org/conda-forge/osx-arm64/pandoc-3.8.3-hce30654_0.conda
      - conda: https://conda.anaconda.org/conda-forge/osx-arm64/python-3.12.0-h47c9636_0_cpython.conda
      - conda: https://conda.anaconda.org/conda-forge/osx-arm64/quarto-1.9.38-h78c4bfd_0.conda
      - conda: https://conda.anaconda.org/conda-forge/osx-arm64/readline-8.3-h46df422_0.conda
      - conda: https://conda.anaconda.org/conda-forge/osx-arm64/tk-8.6.13-h010d191_3.conda
      - conda: https://conda.anaconda.org/conda-forge/osx-arm64/typst-0.14.2-hd1458d2_0.conda
      - conda: https://conda.anaconda.org/conda-forge/noarch/tzdata-2025c-hc9c84f9_1.conda
      - conda: https://conda.anaconda.org/conda-forge/osx-arm64/xz-5.8.3-hd0f0c4f_0.conda
      - conda: https://conda.anaconda.org/conda-forge/osx-arm64/xz-gpl-tools-5.8.3-hd0f0c4f_0.conda
      - conda: https://conda.anaconda.org/conda-forge/osx-arm64/xz-tools-5.8.3-h8088a28_0.conda
      win-64:
      - conda: https://conda.anaconda.org/conda-forge/win-64/bzip2-1.0.8-h0ad9c76_9.conda
      - conda: https://conda.anaconda.org/conda-forge/noarch/ca-certificates-2026.5.20-h4c7d964_0.conda
      - conda: https://conda.anaconda.org/conda-forge/win-64/dart-sass-1.100.0-h11686cb_0.conda
      - conda: https://conda.anaconda.org/conda-forge/win-64/deno-2.4.5-h9135563_0.conda
      - conda: https://conda.anaconda.org/conda-forge/win-64/deno-dom-0.1.41-h1a6af48_0.conda
      - conda: https://conda.anaconda.org/conda-forge/win-64/esbuild-0.28.0-h11686cb_1.conda
      - conda: https://conda.anaconda.org/conda-forge/win-64/libexpat-2.8.1-hac47afa_0.conda
      - conda: https://conda.anaconda.org/conda-forge/win-64/libffi-3.5.2-h3d046cb_0.conda
      - conda: https://conda.anaconda.org/conda-forge/win-64/liblzma-5.8.3-hfd05255_0.conda
      - conda: https://conda.anaconda.org/conda-forge/win-64/liblzma-devel-5.8.3-hfd05255_0.conda
      - conda: https://conda.anaconda.org/conda-forge/win-64/libsqlite-3.53.1-hf5d6505_0.conda
      - conda: https://conda.anaconda.org/conda-forge/win-64/libzlib-1.3.2-hfd05255_2.conda
      - conda: https://conda.anaconda.org/conda-forge/win-64/openssl-3.6.2-hf411b9b_0.conda
      - conda: https://conda.anaconda.org/conda-forge/win-64/pandoc-3.8.3-h57928b3_0.conda
      - conda: https://conda.anaconda.org/conda-forge/win-64/python-3.12.0-h2628c8c_0_cpython.conda
      - conda: https://conda.anaconda.org/conda-forge/win-64/quarto-1.9.38-h0e8a320_0.conda
      - conda: https://conda.anaconda.org/conda-forge/win-64/tk-8.6.13-h6ed50ae_3.conda
      - conda: https://conda.anaconda.org/conda-forge/win-64/typst-0.14.2-h77a83cd_0.conda
      - conda: https://conda.anaconda.org/conda-forge/noarch/tzdata-2025c-hc9c84f9_1.conda
      - conda: https://conda.anaconda.org/conda-forge/win-64/ucrt-10.0.26100.0-h57928b3_0.conda
      - conda: https://conda.anaconda.org/conda-forge/win-64/vc-14.5-h1b7c187_37.conda
      - conda: https://conda.anaconda.org/conda-forge/win-64/vc14_runtime-14.51.36231-h1b9f54f_37.conda
      - conda: https://conda.anaconda.org/conda-forge/win-64/vcomp14-14.51.36231-h1b9f54f_37.conda
      - conda: https://conda.anaconda.org/conda-forge/win-64/xz-5.8.3-hb6c8415_0.conda
      - conda: https://conda.anaconda.org/conda-forge/win-64/xz-tools-5.8.3-hfd05255_0.conda
packages:
- conda: https://conda.anaconda.org/conda-forge/linux-64/_openmp_mutex-4.5-20_gnu.conda
  build_number: 20
  sha256: 1dd3fffd892081df9726d7eb7e0dea6198962ba775bd88842135a4ddb4deb3c9
  md5: a9f577daf3de00bca7c3c76c0ecbd1de
  depends:
  - __glibc >=2.17,<3.0.a0
  - libgomp >=7.5.0
  constrains:
  - openmp_impl <0.0a0
  license: BSD-3-Clause
  license_family: BSD
  size: 28948
  timestamp: 1770939786096
- conda: https://conda.anaconda.org/conda-forge/linux-64/bzip2-1.0.8-hda65f42_9.conda
  sha256: 0b75d45f0bba3e95dc693336fa51f40ea28c980131fec438afb7ce6118ed05f6
  md5: d2ffd7602c02f2b316fd921d39876885
  depends:
  - __glibc >=2.17,<3.0.a0
  - libgcc >=14
  license: bzip2-1.0.6
  license_family: BSD
  size: 260182
  timestamp: 1771350215188
- conda: https://conda.anaconda.org/conda-forge/osx-64/bzip2-1.0.8-h500dc9f_9.conda
  sha256: 9f242f13537ef1ce195f93f0cc162965d6cc79da578568d6d8e50f70dd025c42
  md5: 4173ac3b19ec0a4f400b4f782910368b
  depends:
  - __osx >=10.13
  license: bzip2-1.0.6
  license_family: BSD
  size: 133427
  timestamp: 1771350680709
- conda: https://conda.anaconda.org/conda-forge/osx-arm64/bzip2-1.0.8-hd037594_9.conda
  sha256: 540fe54be35fac0c17feefbdc3e29725cce05d7367ffedfaaa1bdda234b019df
  md5: 620b85a3f45526a8bc4d23fd78fc22f0
  depends:
  - __osx >=11.0
  license: bzip2-1.0.6
  license_family: BSD
  size: 124834
  timestamp: 1771350416561
- conda: https://conda.anaconda.org/conda-forge/win-64/bzip2-1.0.8-h0ad9c76_9.conda
  sha256: 76dfb71df5e8d1c4eded2dbb5ba15bb8fb2e2b0fe42d94145d5eed4c75c35902
  md5: 4cb8e6b48f67de0b018719cdf1136306
  depends:
  - ucrt >=10.0.20348.0
  - vc >=14.3,<15
  - vc14_runtime >=14.44.35208
  license: bzip2-1.0.6
  license_family: BSD
  size: 56115
  timestamp: 1771350256444
- conda: https://conda.anaconda.org/conda-forge/noarch/ca-certificates-2026.5.20-h4c7d964_0.conda
  sha256: 86981d764e4ea1883409d30447ff9da46127426d31a63df08315aaded768e652
  md5: c9b86eece2f944541b86441c94117ab3
  depends:
  - __win
  license: ISC
  size: 130182
  timestamp: 1779289939595
- conda: https://conda.anaconda.org/conda-forge/noarch/ca-certificates-2026.5.20-hbd8a1cb_0.conda
  sha256: 9812a303a1395e1dafbd92e5bc8a1ff6013bcbba0a09c7f03a8d23e43560aa9b
  md5: 489b8e97e666c93f68fdb35c3c9b957f
  depends:
  - __unix
  license: ISC
  size: 129868
  timestamp: 1779289852439
- conda: https://conda.anaconda.org/conda-forge/linux-64/dart-sass-1.100.0-hfc2019e_0.conda
  sha256: 43146af49e6911c7bc57eedfdb945cb3ecbaa73e9565e84099229345edebe0c5
  md5: 97b46522187a0064a52207a3ca68621c
  license: MIT
  license_family: MIT
  size: 4100973
  timestamp: 1779422704647
- conda: https://conda.anaconda.org/conda-forge/osx-64/dart-sass-1.100.0-h8822bef_0.conda
  sha256: 5f345467334d6e5cc55695ec9545c287b95c32112183bebe4d5f1d475e90adf3
  md5: 71bee41663805fde82a0523c0bfcfed7
  license: MIT
  license_family: MIT
  size: 3963615
  timestamp: 1779422766050
- conda: https://conda.anaconda.org/conda-forge/osx-arm64/dart-sass-1.100.0-h820172f_0.conda
  sha256: c4595381f35451b995af233fd4fe40aa4e56497d8d5d4110250f71df0e71003a
  md5: 2ae10fcbebb03cae94eefc1ec6311956
  license: MIT
  license_family: MIT
  size: 3761805
  timestamp: 1779422710421
- conda: https://conda.anaconda.org/conda-forge/win-64/dart-sass-1.100.0-h11686cb_0.conda
  sha256: 298fddb6176efa512b21ce89961977f873b1113cd8ed283dc5a83e6bd1f0f3f2
  md5: d36b433df19b61b8d55c2e5eb88086f2
  license: MIT
  license_family: MIT
  size: 4076872
  timestamp: 1779422731437
- conda: https://conda.anaconda.org/conda-forge/linux-64/deno-2.4.5-h6046fbb_0.conda
  sha256: 3638c08b977b694b1f459da6ad2ba61e956f367e69e9893633b0270e068cb73e
  md5: 39a168481d8b14ddc0c07b733fbbda97
  depends:
  - libgcc >=15
  - __glibc >=2.28,<3.0.a0
  constrains:
  - __glibc >=2.17
  license: MIT
  license_family: MIT
  size: 38196953
  timestamp: 1776774768229
- conda: https://conda.anaconda.org/conda-forge/osx-64/deno-2.4.5-h42a321a_0.conda
  sha256: 52d3c281e014a58fa3d6c9bb430603477e1a636b876cbbe388a8d01a73a854b3
  md5: ed3eae30aa44dd510ac2474c15795a6b
  depends:
  - __osx >=11.0
  - libzlib >=1.3.2,<2.0a0
  constrains:
  - __osx >=10.13
  license: MIT
  license_family: MIT
  size: 36820774
  timestamp: 1776774881799
- conda: https://conda.anaconda.org/conda-forge/osx-arm64/deno-2.4.5-h248350f_0.conda
  sha256: a58cfdd110f9a08f60ba9636094096a0665bbcd47422fa9eb4aa510801175ec0
  md5: 2190a7bbed5d068ea14c6dc9db1c0f09
  depends:
  - __osx >=11.0
  - libzlib >=1.3.2,<2.0a0
  constrains:
  - __osx >=11.0
  license: MIT
  license_family: MIT
  size: 35445880
  timestamp: 1776774792403
- conda: https://conda.anaconda.org/conda-forge/win-64/deno-2.4.5-h9135563_0.conda
  sha256: ec2b52d16b8de758142d5aee3f97bc9fa34850f9a6753e188d03f806acbee205
  md5: d652d13c4a2fc47e8120cb1639a72597
  depends:
  - vc >=14.3,<15
  - vc14_runtime >=14.44.35208
  - ucrt >=10.0.20348.0
  - vc >=14.3
  license: MIT
  license_family: MIT
  size: 38773826
  timestamp: 1776774858202
- conda: https://conda.anaconda.org/conda-forge/linux-64/deno-dom-0.1.41-h4768de7_0.conda
  sha256: 2726829e1a6117dc9555a2088a4ebaa05035218b8791106f036ba73f15b1b13e
  md5: 89e80615c6b1b1ae4f5267bfc5fc7f66
  depends:
  - __glibc >=2.17,<3.0.a0
  - deno >=1.24.2
  constrains:
  - __glibc >=2.17
  license: MIT
  license_family: MIT
  size: 433150
  timestamp: 1736703310469
- conda: https://conda.anaconda.org/conda-forge/osx-64/deno-dom-0.1.41-h51332c3_0.conda
  sha256: b7d8621033ac310f40e083ee1157db9aaa178b7355dbd74be54ca1f0f4b517ce
  md5: 6f8f4a8487f87f13e0c43b15ee9b1541
  depends:
  - __osx >=10.13
  - deno >=1.24.2
  constrains:
  - __osx >=10.13
  license: MIT
  license_family: MIT
  size: 369080
  timestamp: 1736703484876
- conda: https://conda.anaconda.org/conda-forge/osx-arm64/deno-dom-0.1.41-hde76f7a_0.conda
  sha256: 4a92d9c785bccae80961875900eb7b86149737b7a219e66b27dfcbfff4a1798b
  md5: 02bff7fa3d076f6351ef027cd682c6e4
  depends:
  - __osx >=11.0
  - deno >=1.24.2
  constrains:
  - __osx >=11.0
  license: MIT
  license_family: MIT
  size: 367613
  timestamp: 1736703524102
- conda: https://conda.anaconda.org/conda-forge/win-64/deno-dom-0.1.41-h1a6af48_0.conda
  sha256: 199ed9fea4d58cea10572cc5a7fb3ad0fbefd189cb785667639dbfc4210ed2ab
  md5: 84bc9003c48bf69d4663b00f692404cb
  depends:
  - deno >=1.24.2
  - ucrt >=10.0.20348.0
  - vc >=14.3,<15
  - vc14_runtime >=14.42.34433
  license: MIT
  license_family: MIT
  size: 294346
  timestamp: 1736703764252
- conda: https://conda.anaconda.org/conda-forge/linux-64/esbuild-0.28.0-hfc2019e_1.conda
  sha256: e06f972eee640fe5ece7931e97bf9d317589fa9798ad19fa5c8761a7e393ace7
  md5: 436dd09d9b9e59414bf803453795c5b5
  license: MIT
  license_family: MIT
  size: 4482067
  timestamp: 1779427665827
- conda: https://conda.anaconda.org/conda-forge/osx-64/esbuild-0.28.0-h5839d16_1.conda
  sha256: d3d98322791cb99d55eceaa93aa74da762bb9a34ae7a0d0da8db1886f1432d0c
  md5: b23ed7ad8c9cebcbb6e7b5fb9daea59b
  constrains:
  - __osx >=10.12
  license: MIT
  license_family: MIT
  size: 4401071
  timestamp: 1779427743125
- conda: https://conda.anaconda.org/conda-forge/osx-arm64/esbuild-0.28.0-hf76c51c_1.conda
  sha256: 73a69d92e36d9f6889ed080fc1e3cbe3ac94c9e5d6b3683c1792acf0fd86f043
  md5: 8d9633a86fd47d9244f14f98f1d5c094
  license: MIT
  license_family: MIT
  size: 4046241
  timestamp: 1779427750828
- conda: https://conda.anaconda.org/conda-forge/win-64/esbuild-0.28.0-h11686cb_1.conda
  sha256: 6b94caf26eddbba507f85988c8bcb2044191da75ae3f3d326ff1eaf0da04921e
  md5: b9bbddd101843d43f5e6753a60b56e65
  license: MIT
  license_family: MIT
  size: 4385549
  timestamp: 1779427695732
- conda: https://conda.anaconda.org/conda-forge/osx-64/icu-78.3-h25d91c4_0.conda
  sha256: 1294117122d55246bb83ad5b589e2a031aacdf2d0b1f99fd338aa4394f881735
  md5: 627eca44e62e2b665eeec57a984a7f00
  depends:
  - __osx >=11.0
  license: MIT
  license_family: MIT
  size: 12273764
  timestamp: 1773822733780
- conda: https://conda.anaconda.org/conda-forge/linux-64/ld_impl_linux-64-2.45.1-default_hbd61a6d_102.conda
  sha256: 3d584956604909ff5df353767f3a2a2f60e07d070b328d109f30ac40cd62df6c
  md5: 18335a698559cdbcd86150a48bf54ba6
  depends:
  - __glibc >=2.17,<3.0.a0
  - zstd >=1.5.7,<1.6.0a0
  constrains:
  - binutils_impl_linux-64 2.45.1
  license: GPL-3.0-only
  license_family: GPL
  size: 728002
  timestamp: 1774197446916
- conda: https://conda.anaconda.org/conda-forge/linux-64/libexpat-2.8.1-hecca717_0.conda
  sha256: 363018b25fdb5534c79783d912bd4b685a3547f4fc5996357ad548899b0ee8e7
  md5: 93764a5ca80616e9c10106cdaec92f74
  depends:
  - __glibc >=2.17,<3.0.a0
  - libgcc >=14
  constrains:
  - expat 2.8.1.*
  license: MIT
  license_family: MIT
  size: 77294
  timestamp: 1779278686680
- conda: https://conda.anaconda.org/conda-forge/osx-64/libexpat-2.8.1-hcc62823_0.conda
  sha256: 460afe7ba0882e6d2fcc0ad1568dce27025110ec09c2b9ce9e3b49d61e52ce6b
  md5: f95dc08366f2a452005062b5bcceac51
  depends:
  - __osx >=11.0
  constrains:
  - expat 2.8.1.*
  license: MIT
  license_family: MIT
  size: 75654
  timestamp: 1779279058576
- conda: https://conda.anaconda.org/conda-forge/osx-arm64/libexpat-2.8.1-hf6b4638_0.conda
  sha256: 3133fb6bfa871288b92c8b8752696686a841bf4ffe035aa3038033c9e15b738e
  md5: ef22e9ab1dc7c2f334252f565f90b3b8
  depends:
  - __osx >=11.0
  constrains:
  - expat 2.8.1.*
  license: MIT
  license_family: MIT
  size: 69110
  timestamp: 1779278728511
- conda: https://conda.anaconda.org/conda-forge/win-64/libexpat-2.8.1-hac47afa_0.conda
  sha256: a65e518c20d1482182bc0f1f6dd5d992f25ca44c3b32307be39ae8310db8f060
  md5: 23eb9474a16d4b9f6f27429989e82002
  depends:
  - ucrt >=10.0.20348.0
  - vc >=14.3,<15
  - vc14_runtime >=14.44.35208
  constrains:
  - expat 2.8.1.*
  license: MIT
  license_family: MIT
  size: 71280
  timestamp: 1779278786150
- conda: https://conda.anaconda.org/conda-forge/linux-64/libffi-3.5.2-h3435931_0.conda
  sha256: 31f19b6a88ce40ebc0d5a992c131f57d919f73c0b92cd1617a5bec83f6e961e6
  md5: a360c33a5abe61c07959e449fa1453eb
  depends:
  - __glibc >=2.17,<3.0.a0
  - libgcc >=14
  license: MIT
  license_family: MIT
  size: 58592
  timestamp: 1769456073053
- conda: https://conda.anaconda.org/conda-forge/osx-64/libffi-3.5.2-hd1f9c09_0.conda
  sha256: 951958d1792238006fdc6fce7f71f1b559534743b26cc1333497d46e5903a2d6
  md5: 66a0dc7464927d0853b590b6f53ba3ea
  depends:
  - __osx >=10.13
  license: MIT
  license_family: MIT
  size: 53583
  timestamp: 1769456300951
- conda: https://conda.anaconda.org/conda-forge/osx-arm64/libffi-3.5.2-hcf2aa1b_0.conda
  sha256: 6686a26466a527585e6a75cc2a242bf4a3d97d6d6c86424a441677917f28bec7
  md5: 43c04d9cb46ef176bb2a4c77e324d599
  depends:
  - __osx >=11.0
  license: MIT
  license_family: MIT
  size: 40979
  timestamp: 1769456747661
- conda: https://conda.anaconda.org/conda-forge/win-64/libffi-3.5.2-h3d046cb_0.conda
  sha256: 59d01f2dfa8b77491b5888a5ab88ff4e1574c9359f7e229da254cdfe27ddc190
  md5: 720b39f5ec0610457b725eb3f396219a
  depends:
  - ucrt >=10.0.20348.0
  - vc >=14.3,<15
  - vc14_runtime >=14.44.35208
  license: MIT
  license_family: MIT
  size: 45831
  timestamp: 1769456418774
- conda: https://conda.anaconda.org/conda-forge/linux-64/libgcc-15.2.0-he0feb66_19.conda
  sha256: 8e0a3b5e41272e5678499b5dfc4cddb673f9e935de01eb0767ce857001229f46
  md5: 57736f29cc2b0ec0b6c2952d3f101b6a
  depends:
  - __glibc >=2.17,<3.0.a0
  - _openmp_mutex >=4.5
  constrains:
  - libgcc-ng ==15.2.0=*_19
  - libgomp 15.2.0 he0feb66_19
  license: GPL-3.0-only WITH GCC-exception-3.1
  license_family: GPL
  size: 1041084
  timestamp: 1778269013026
- conda: https://conda.anaconda.org/conda-forge/linux-64/libgcc-ng-15.2.0-h69a702a_19.conda
  sha256: 9dcf54adfaa5e861123c2da4f2f0451a685464ea7e5a41ad91cf67b31d658d98
  md5: 331ee9b72b9dff570d56b1302c5ab37d
  depends:
  - libgcc 15.2.0 he0feb66_19
  license: GPL-3.0-only WITH GCC-exception-3.1
  license_family: GPL
  size: 27694
  timestamp: 1778269016987
- conda: https://conda.anaconda.org/conda-forge/linux-64/libgomp-15.2.0-he0feb66_19.conda
  sha256: 5abe4ab9d93f6c9757d654f1969ae2267d4505315c1f2f8fe705fd60af084f1b
  md5: faac990cb7aedc7f3a2224f2c9b0c26c
  depends:
  - __glibc >=2.17,<3.0.a0
  license: GPL-3.0-only WITH GCC-exception-3.1
  license_family: GPL
  size: 603817
  timestamp: 1778268942614
- conda: https://conda.anaconda.org/conda-forge/linux-64/liblzma-5.8.3-hb03c661_0.conda
  sha256: ec30e52a3c1bf7d0425380a189d209a52baa03f22fb66dd3eb587acaa765bd6d
  md5: b88d90cad08e6bc8ad540cb310a761fb
  depends:
  - __glibc >=2.17,<3.0.a0
  - libgcc >=14
  constrains:
  - xz 5.8.3.*
  license: 0BSD
  size: 113478
  timestamp: 1775825492909
- conda: https://conda.anaconda.org/conda-forge/osx-64/liblzma-5.8.3-hbb4bfdb_0.conda
  sha256: d9e2006051529aec5578c6efeb13bb6a7200a014b2d5a77a579e83a8049d5f3c
  md5: becdfbfe7049fa248e52aa37a9df09e2
  depends:
  - __osx >=11.0
  constrains:
  - xz 5.8.3.*
  license: 0BSD
  size: 105724
  timestamp: 1775826029494
- conda: https://conda.anaconda.org/conda-forge/osx-arm64/liblzma-5.8.3-h8088a28_0.conda
  sha256: 34878d87275c298f1a732c6806349125cebbf340d24c6c23727268184bba051e
  md5: b1fd823b5ae54fbec272cea0811bd8a9
  depends:
  - __osx >=11.0
  constrains:
  - xz 5.8.3.*
  license: 0BSD
  size: 92472
  timestamp: 1775825802659
- conda: https://conda.anaconda.org/conda-forge/win-64/liblzma-5.8.3-hfd05255_0.conda
  sha256: d636d1a25234063642f9c531a7bb58d84c1c496411280a36ea000bd122f078f1
  md5: 8f83619ab1588b98dd99c90b0bfc5c6d
  depends:
  - ucrt >=10.0.20348.0
  - vc >=14.3,<15
  - vc14_runtime >=14.44.35208
  constrains:
  - xz 5.8.3.*
  license: 0BSD
  size: 106486
  timestamp: 1775825663227
- conda: https://conda.anaconda.org/conda-forge/linux-64/liblzma-devel-5.8.3-hb03c661_0.conda
  sha256: 7858f6a173206bc8a5bdc8e75690483bb66c0dcc3809ac1cb43c561a4723623a
  md5: 55c20edec8e90c4703787acaade60808
  depends:
  - __glibc >=2.17,<3.0.a0
  - libgcc >=14
  - liblzma 5.8.3 hb03c661_0
  license: 0BSD
  size: 491429
  timestamp: 1775825511214
- conda: https://conda.anaconda.org/conda-forge/osx-64/liblzma-devel-5.8.3-hbb4bfdb_0.conda
  sha256: 05f845d7f29691f8410665297a4fd168261aaa2710993e9e21effd66365c080d
  md5: a59a33afff299f2d95fdabbd1214f4f1
  depends:
  - __osx >=11.0
  - liblzma 5.8.3 hbb4bfdb_0
  license: 0BSD
  size: 118185
  timestamp: 1775826064340
- conda: https://conda.anaconda.org/conda-forge/osx-arm64/liblzma-devel-5.8.3-h8088a28_0.conda
  sha256: 3002be39c0e98ec6cd103b0dc2963dc9e0d7cab127fb2fe9a8de9707a76ed1f0
  md5: ebe1f5418d6e2d4bbc26b2c906a0a470
  depends:
  - __osx >=11.0
  - liblzma 5.8.3 h8088a28_0
  license: 0BSD
  size: 118482
  timestamp: 1775825828010
- conda: https://conda.anaconda.org/conda-forge/win-64/liblzma-devel-5.8.3-hfd05255_0.conda
  sha256: 875f0535e135b9949720b80057508e14a9cb9351d4117760dacc6296f5b5704a
  md5: 7845201435d0c7c0a02269c2742da1cc
  depends:
  - liblzma 5.8.3 hfd05255_0
  - ucrt >=10.0.20348.0
  - vc >=14.3,<15
  - vc14_runtime >=14.44.35208
  license: 0BSD
  size: 130960
  timestamp: 1775825690054
- conda: https://conda.anaconda.org/conda-forge/linux-64/libnsl-2.0.1-hb9d3cd8_1.conda
  sha256: 927fe72b054277cde6cb82597d0fcf6baf127dcbce2e0a9d8925a68f1265eef5
  md5: d864d34357c3b65a4b731f78c0801dc4
  depends:
  - __glibc >=2.17,<3.0.a0
  - libgcc >=13
  license: LGPL-2.1-only
  license_family: GPL
  size: 33731
  timestamp: 1750274110928
- conda: https://conda.anaconda.org/conda-forge/linux-64/libsqlite-3.53.1-h0c1763c_0.conda
  sha256: 54cdcd3214313b62c2a8ee277e6f42150d9b748264c1b70d958bf735e420ef8d
  md5: 7dc38adcbf71e6b38748e919e16e0dce
  depends:
  - __glibc >=2.17,<3.0.a0
  - libgcc >=14
  - libzlib >=1.3.2,<2.0a0
  license: blessing
  size: 954962
  timestamp: 1777986471789
- conda: https://conda.anaconda.org/conda-forge/osx-64/libsqlite-3.53.1-h8f8c405_0.conda
  sha256: 5e964e07a14180ce20decfd4897e8f81d48ec78c1cbf4af85c5520f535d9510c
  md5: 9273c877f78b7486b0dfdd9268327a79
  depends:
  - __osx >=11.0
  - icu >=78.3,<79.0a0
  - libzlib >=1.3.2,<2.0a0
  license: blessing
  size: 1007171
  timestamp: 1777987093870
- conda: https://conda.anaconda.org/conda-forge/osx-arm64/libsqlite-3.53.1-h1b79a29_0.conda
  sha256: 49daec7c83e70d4efc17b813547824bc2bcf2f7256d84061d24fbfe537da9f74
  md5: 6681822ea9d362953206352371b6a904
  depends:
  - __osx >=11.0
  - libzlib >=1.3.2,<2.0a0
  license: blessing
  size: 920047
  timestamp: 1777987051643
- conda: https://conda.anaconda.org/conda-forge/win-64/libsqlite-3.53.1-hf5d6505_0.conda
  sha256: e70562450332ca8954bc16f3455468cca5ef3695c7d7187ecc87f8fc3c70e9eb
  md5: 7fea434a17c323256acc510a041b80d7
  depends:
  - ucrt >=10.0.20348.0
  - vc >=14.3,<15
  - vc14_runtime >=14.44.35208
  license: blessing
  size: 1304178
  timestamp: 1777986510497
- conda: https://conda.anaconda.org/conda-forge/linux-64/libuuid-2.42.1-h5347b49_0.conda
  sha256: 3f0edf1280e2f6684a986f821eaa3e123d2694a00b31b96ca0d4a4c12c129231
  md5: 7d0a66598195ef00b6efc55aefc7453b
  depends:
  - __glibc >=2.17,<3.0.a0
  - libgcc >=14
  license: BSD-3-Clause
  license_family: BSD
  size: 40163
  timestamp: 1779118517630
- conda: https://conda.anaconda.org/conda-forge/linux-64/libzlib-1.3.2-h25fd6f3_2.conda
  sha256: 55044c403570f0dc26e6364de4dc5368e5f3fc7ff103e867c487e2b5ab2bcda9
  md5: d87ff7921124eccd67248aa483c23fec
  depends:
  - __glibc >=2.17,<3.0.a0
  constrains:
  - zlib 1.3.2 *_2
  license: Zlib
  license_family: Other
  size: 63629
  timestamp: 1774072609062
- conda: https://conda.anaconda.org/conda-forge/osx-64/libzlib-1.3.2-hbb4bfdb_2.conda
  sha256: 4c6da089952b2d70150c74234679d6f7ac04f4a98f9432dec724968f912691e7
  md5: 30439ff30578e504ee5e0b390afc8c65
  depends:
  - __osx >=11.0
  constrains:
  - zlib 1.3.2 *_2
  license: Zlib
  license_family: Other
  size: 59000
  timestamp: 1774073052242
- conda: https://conda.anaconda.org/conda-forge/osx-arm64/libzlib-1.3.2-h8088a28_2.conda
  sha256: 361415a698514b19a852f5d1123c5da746d4642139904156ddfca7c922d23a05
  md5: bc5a5721b6439f2f62a84f2548136082
  depends:
  - __osx >=11.0
  constrains:
  - zlib 1.3.2 *_2
  license: Zlib
  license_family: Other
  size: 47759
  timestamp: 1774072956767
- conda: https://conda.anaconda.org/conda-forge/win-64/libzlib-1.3.2-hfd05255_2.conda
  sha256: 88609816e0cc7452bac637aaf65783e5edf4fee8a9f8e22bdc3a75882c536061
  md5: dbabbd6234dea34040e631f87676292f
  depends:
  - ucrt >=10.0.20348.0
  - vc >=14.3,<15
  - vc14_runtime >=14.44.35208
  constrains:
  - zlib 1.3.2 *_2
  license: Zlib
  license_family: Other
  size: 58347
  timestamp: 1774072851498
- conda: https://conda.anaconda.org/conda-forge/linux-64/ncurses-6.6-hdb14827_0.conda
  sha256: fc89f74bbe362fb29fa3c037697a89bec140b346a2469a90f7936d1d7ea4d8a3
  md5: fc21868a1a5aacc937e7a18747acb8a5
  depends:
  - __glibc >=2.17,<3.0.a0
  - libgcc >=14
  license: X11 AND BSD-3-Clause
  size: 918956
  timestamp: 1777422145199
- conda: https://conda.anaconda.org/conda-forge/osx-64/ncurses-6.6-hcc0dc9a_0.conda
  sha256: f5f7e006ff4271305ab4cc08eedd855c67a571793c3d18aff73f645f088a8cae
  md5: 31b8740cf1b2588d4e61c81191004061
  depends:
  - __osx >=11.0
  license: X11 AND BSD-3-Clause
  size: 831711
  timestamp: 1777423052277
- conda: https://conda.anaconda.org/conda-forge/osx-arm64/ncurses-6.6-h1d4f5a5_0.conda
  sha256: 4ea6c620b87bd1d42bb2ccc2c87cd2483fa2d7f9e905b14c223f11ff3f4c455d
  md5: 343d10ed5b44030a2f67193905aea159
  depends:
  - __osx >=11.0
  license: X11 AND BSD-3-Clause
  size: 805509
  timestamp: 1777423252320
- conda: https://conda.anaconda.org/conda-forge/linux-64/openssl-3.6.2-h35e630c_0.conda
  sha256: c0ef482280e38c71a08ad6d71448194b719630345b0c9c60744a2010e8a8e0cb
  md5: da1b85b6a87e141f5140bb9924cecab0
  depends:
  - __glibc >=2.17,<3.0.a0
  - ca-certificates
  - libgcc >=14
  license: Apache-2.0
  license_family: Apache
  size: 3167099
  timestamp: 1775587756857
- conda: https://conda.anaconda.org/conda-forge/osx-64/openssl-3.6.2-hc881268_0.conda
  sha256: 334fd49ea31b99114f5afb1ec44555dc8c90640648302a4f8f838ee345d1ec50
  md5: 5cf0ece4375c73d7a5765e83565a69c7
  depends:
  - __osx >=11.0
  - ca-certificates
  license: Apache-2.0
  license_family: Apache
  size: 2776564
  timestamp: 1775589970694
- conda: https://conda.anaconda.org/conda-forge/osx-arm64/openssl-3.6.2-hd24854e_0.conda
  sha256: c91bf510c130a1ea1b6ff023e28bac0ccaef869446acd805e2016f69ebdc49ea
  md5: 25dcccd4f80f1638428613e0d7c9b4e1
  depends:
  - __osx >=11.0
  - ca-certificates
  license: Apache-2.0
  license_family: Apache
  size: 3106008
  timestamp: 1775587972483
- conda: https://conda.anaconda.org/conda-forge/win-64/openssl-3.6.2-hf411b9b_0.conda
  sha256: feb5815125c60f2be4a411e532db1ed1cd2d7261a6a43c54cb6ae90724e2e154
  md5: 05c7d624cff49dbd8db1ad5ba537a8a3
  depends:
  - ca-certificates
  - ucrt >=10.0.20348.0
  - vc >=14.3,<15
  - vc14_runtime >=14.44.35208
  license: Apache-2.0
  license_family: Apache
  size: 9410183
  timestamp: 1775589779763
- conda: https://conda.anaconda.org/conda-forge/linux-64/pandoc-3.8.3-ha770c72_0.conda
  sha256: 87ec986d1e0d16d9d2aa149653abeb73d1ac4bd9e6d7dc13ba33ec00134c8a7a
  md5: 0e4aa34e44a68aeb850349fe51a6a3d0
  license: GPL-2.0-or-later
  license_family: GPL
  size: 22458834
  timestamp: 1764589637843
- conda: https://conda.anaconda.org/conda-forge/osx-64/pandoc-3.8.3-h694c41f_0.conda
  sha256: 763c07427762e3e1d524c4e4e7343225de6af2be432d1136a0fa26b863450c9e
  md5: ea4f844424717e24a69c05f16ff30ffa
  license: GPL-2.0-or-later
  license_family: GPL
  size: 16948053
  timestamp: 1764589819568
- conda: https://conda.anaconda.org/conda-forge/osx-arm64/pandoc-3.8.3-hce30654_0.conda
  sha256: 39af2080d16088c0b9c19db5d0f8b2c845e70c428126a4773d0e54b609d8af91
  md5: 68bc0f4209fe5cbb03a401177f3a36c2
  license: GPL-2.0-or-later
  license_family: GPL
  size: 28522262
  timestamp: 1764589967786
- conda: https://conda.anaconda.org/conda-forge/win-64/pandoc-3.8.3-h57928b3_0.conda
  sha256: b3d37c502e405e7d1997a028e7eae246acd52436eacdd4f053cb345bde0da8a9
  md5: 904ca93f4f00a75ee3c49147cb00f14d
  license: GPL-2.0-or-later
  license_family: GPL
  size: 26699611
  timestamp: 1764589773519
- conda: https://conda.anaconda.org/conda-forge/linux-64/python-3.12.0-hab00c5b_0_cpython.conda
  sha256: 5398ebae6a1ccbfd3f76361eac75f3ac071527a8072627c4bf9008c689034f48
  md5: 7f97faab5bebcc2580f4f299285323da
  depends:
  - bzip2 >=1.0.8,<2.0a0
  - ld_impl_linux-64 >=2.36.1
  - libexpat >=2.5.0,<3.0a0
  - libffi >=3.4,<4.0a0
  - libgcc-ng >=12
  - libnsl >=2.0.0,<2.1.0a0
  - libsqlite >=3.43.0,<4.0a0
  - libuuid >=2.38.1,<3.0a0
  - libzlib >=1.2.13,<2.0.0a0
  - ncurses >=6.4,<7.0a0
  - openssl >=3.1.3,<4.0a0
  - readline >=8.2,<9.0a0
  - tk >=8.6.13,<8.7.0a0
  - tzdata
  - xz >=5.2.6,<6.0a0
  constrains:
  - python_abi 3.12.* *_cp312
  license: Python-2.0
  size: 32123473
  timestamp: 1696324522323
- conda: https://conda.anaconda.org/conda-forge/osx-64/python-3.12.0-h30d4d87_0_cpython.conda
  sha256: 0a1ed3983acbd0528bef5216179e46170f024f4409032875b27865568fef46a1
  md5: d11dc8f4551011fb6baa2865f1ead48f
  depends:
  - bzip2 >=1.0.8,<2.0a0
  - libexpat >=2.5.0,<3.0a0
  - libffi >=3.4,<4.0a0
  - libsqlite >=3.43.0,<4.0a0
  - libzlib >=1.2.13,<2.0.0a0
  - ncurses >=6.4,<7.0a0
  - openssl >=3.1.3,<4.0a0
  - readline >=8.2,<9.0a0
  - tk >=8.6.13,<8.7.0a0
  - tzdata
  - xz >=5.2.6,<6.0a0
  constrains:
  - python_abi 3.12.* *_cp312
  license: Python-2.0
  size: 14529683
  timestamp: 1696323482650
- conda: https://conda.anaconda.org/conda-forge/osx-arm64/python-3.12.0-h47c9636_0_cpython.conda
  sha256: eb66f8f249caa9d5a956c3a407f079e4779d652ebfc2a4b4f50dcea078e84fa8
  md5: ed8ae98b1b510de68392971b9367d18c
  depends:
  - bzip2 >=1.0.8,<2.0a0
  - libexpat >=2.5.0,<3.0a0
  - libffi >=3.4,<4.0a0
  - libsqlite >=3.43.0,<4.0a0
  - libzlib >=1.2.13,<2.0.0a0
  - ncurses >=6.4,<7.0a0
  - openssl >=3.1.3,<4.0a0
  - readline >=8.2,<9.0a0
  - tk >=8.6.13,<8.7.0a0
  - tzdata
  - xz >=5.2.6,<6.0a0
  constrains:
  - python_abi 3.12.* *_cp312
  license: Python-2.0
  size: 13306758
  timestamp: 1696322682581
- conda: https://conda.anaconda.org/conda-forge/win-64/python-3.12.0-h2628c8c_0_cpython.conda
  sha256: 90553586879bf328f2f9efb8d8faa958ecba822faf379f0a20c3461467b9b955
  md5: defd5d375853a2caff36a19d2d81a28e
  depends:
  - bzip2 >=1.0.8,<2.0a0
  - libexpat >=2.5.0,<3.0a0
  - libffi >=3.4,<4.0a0
  - libsqlite >=3.43.0,<4.0a0
  - libzlib >=1.2.13,<2.0.0a0
  - openssl >=3.1.3,<4.0a0
  - tk >=8.6.13,<8.7.0a0
  - tzdata
  - ucrt >=10.0.20348.0
  - vc >=14.2,<15
  - vc14_runtime >=14.29.30139
  - xz >=5.2.6,<6.0a0
  constrains:
  - python_abi 3.12.* *_cp312
  license: Python-2.0
  size: 16140836
  timestamp: 1696321871976
- conda: https://conda.anaconda.org/conda-forge/linux-64/quarto-1.9.38-h920450f_0.conda
  sha256: d94e426980932a2dfbcf4a43c48d600d473c355a7b11477911c3b13ad24e4b5d
  md5: f13ebac1f2b59219c012fa992757be1c
  depends:
  - __glibc >=2.17,<3.0.a0
  - dart-sass
  - deno >=2.4.5,<2.4.6.0a0
  - deno-dom >=0.1.41,<0.1.42.0a0
  - esbuild
  - libgcc >=14
  - openssl >=3.5.6,<4.0a0
  - pandoc 3.8.3
  - typst 0.14.2
  constrains:
  - __glibc >=2.17
  license: MIT
  size: 26049109
  timestamp: 1779789331822
- conda: https://conda.anaconda.org/conda-forge/osx-64/quarto-1.9.38-h7a197ef_0.conda
  sha256: ae0742bb6fed8a8c5caf2e43c065ac97ee999a2afe9c0befcd2660277e348b31
  md5: 9f35aba63b6a7477612d26326e039760
  depends:
  - __osx >=11.0
  - dart-sass
  - deno >=2.4.5,<2.4.6.0a0
  - deno-dom >=0.1.41,<0.1.42.0a0
  - esbuild
  - pandoc 3.8.3
  - typst 0.14.2
  constrains:
  - __osx >=11.0
  license: MIT
  size: 26370223
  timestamp: 1779790360311
- conda: https://conda.anaconda.org/conda-forge/osx-arm64/quarto-1.9.38-h78c4bfd_0.conda
  sha256: 76d9c068ee8bdfd7b198b0aff9e0fbd9f69ede8b9c0f6480135ce437860ab3e9
  md5: 181bc833726b113f12aae8ccca6ba500
  depends:
  - __osx >=11.0
  - dart-sass
  - deno >=2.4.5,<2.4.6.0a0
  - deno-dom >=0.1.41,<0.1.42.0a0
  - esbuild
  - pandoc 3.8.3
  - typst 0.14.2
  constrains:
  - __osx >=11.0
  license: MIT
  size: 25892459
  timestamp: 1779790473219
- conda: https://conda.anaconda.org/conda-forge/win-64/quarto-1.9.38-h0e8a320_0.conda
  sha256: 78310e993d858f1b7d566fe0228f85978eb38a7595175ffc149bb67b8f3ae14c
  md5: 8448f287862e806fa94c7900edb64cf5
  depends:
  - dart-sass
  - deno >=2.4.5,<2.4.6.0a0
  - deno-dom >=0.1.41,<0.1.42.0a0
  - esbuild
  - pandoc 3.8.3
  - typst 0.14.2
  - ucrt >=10.0.20348.0
  - vc >=14.3,<15
  - vc14_runtime >=14.44.35208
  license: MIT
  size: 26182767
  timestamp: 1779790174898
- conda: https://conda.anaconda.org/conda-forge/linux-64/readline-8.3-h853b02a_0.conda
  sha256: 12ffde5a6f958e285aa22c191ca01bbd3d6e710aa852e00618fa6ddc59149002
  md5: d7d95fc8287ea7bf33e0e7116d2b95ec
  depends:
  - __glibc >=2.17,<3.0.a0
  - libgcc >=14
  - ncurses >=6.5,<7.0a0
  license: GPL-3.0-only
  license_family: GPL
  size: 345073
  timestamp: 1765813471974
- conda: https://conda.anaconda.org/conda-forge/osx-64/readline-8.3-h68b038d_0.conda
  sha256: 4614af680aa0920e82b953fece85a03007e0719c3399f13d7de64176874b80d5
  md5: eefd65452dfe7cce476a519bece46704
  depends:
  - __osx >=10.13
  - ncurses >=6.5,<7.0a0
  license: GPL-3.0-only
  license_family: GPL
  size: 317819
  timestamp: 1765813692798
- conda: https://conda.anaconda.org/conda-forge/osx-arm64/readline-8.3-h46df422_0.conda
  sha256: a77010528efb4b548ac2a4484eaf7e1c3907f2aec86123ed9c5212ae44502477
  md5: f8381319127120ce51e081dce4865cf4
  depends:
  - __osx >=11.0
  - ncurses >=6.5,<7.0a0
  license: GPL-3.0-only
  license_family: GPL
  size: 313930
  timestamp: 1765813902568
- conda: https://conda.anaconda.org/conda-forge/linux-64/tk-8.6.13-noxft_h366c992_103.conda
  sha256: cafeec44494f842ffeca27e9c8b0c27ed714f93ac77ddadc6aaf726b5554ebac
  md5: cffd3bdd58090148f4cfcd831f4b26ab
  depends:
  - __glibc >=2.17,<3.0.a0
  - libgcc >=14
  - libzlib >=1.3.1,<2.0a0
  constrains:
  - xorg-libx11 >=1.8.12,<2.0a0
  license: TCL
  license_family: BSD
  size: 3301196
  timestamp: 1769460227866
- conda: https://conda.anaconda.org/conda-forge/osx-64/tk-8.6.13-h7142dee_3.conda
  sha256: 7f0d9c320288532873e2d8486c331ec6d87919c9028208d3f6ac91dc8f99a67b
  md5: 6e6efb7463f8cef69dbcb4c2205bf60e
  depends:
  - __osx >=10.13
  - libzlib >=1.3.1,<2.0a0
  license: TCL
  license_family: BSD
  size: 3282953
  timestamp: 1769460532442
- conda: https://conda.anaconda.org/conda-forge/osx-arm64/tk-8.6.13-h010d191_3.conda
  sha256: 799cab4b6cde62f91f750149995d149bc9db525ec12595e8a1d91b9317f038b3
  md5: a9d86bc62f39b94c4661716624eb21b0
  depends:
  - __osx >=11.0
  - libzlib >=1.3.1,<2.0a0
  license: TCL
  license_family: BSD
  size: 3127137
  timestamp: 1769460817696
- conda: https://conda.anaconda.org/conda-forge/win-64/tk-8.6.13-h6ed50ae_3.conda
  sha256: 0e79810fae28f3b69fe7391b0d43f5474d6bd91d451d5f2bde02f55ae481d5e3
  md5: 0481bfd9814bf525bd4b3ee4b51494c4
  depends:
  - ucrt >=10.0.20348.0
  - vc >=14.3,<15
  - vc14_runtime >=14.44.35208
  license: TCL
  license_family: BSD
  size: 3526350
  timestamp: 1769460339384
- conda: https://conda.anaconda.org/conda-forge/linux-64/typst-0.14.2-h4c46f8d_0.conda
  sha256: 2051dee6a67d43a0ff0fd2ff9dacd8ef533e89d0b30feedf87613fc84b00c247
  md5: 6733bfb9b4338039e182ca3a41253ab5
  depends:
  - __glibc >=2.17,<3.0.a0
  - libgcc >=14
  - openssl >=3.5.4,<4.0a0
  constrains:
  - __glibc >=2.17
  license: Apache-2.0
  license_family: Apache
  size: 15445965
  timestamp: 1765697444419
- conda: https://conda.anaconda.org/conda-forge/osx-64/typst-0.14.2-h121f529_0.conda
  sha256: 503f26d9ff68ac0e3fd66b5a77263115ece63044dd6c15562b9a5531da4c0a2a
  md5: db9932a780a3cf948c67b4842ecb5a06
  depends:
  - __osx >=10.13
  constrains:
  - __osx >=10.13
  license: Apache-2.0
  license_family: Apache
  size: 15180322
  timestamp: 1765697711050
- conda: https://conda.anaconda.org/conda-forge/osx-arm64/typst-0.14.2-hd1458d2_0.conda
  sha256: 201e08fc74e3dc8161d583bb50d23ae07b4537c5efa41c8a7e1ba46a30261ea6
  md5: 750223ac708cb65d0d32fa61d84e35e4
  depends:
  - __osx >=11.0
  constrains:
  - __osx >=11.0
  license: Apache-2.0
  license_family: Apache
  size: 14708782
  timestamp: 1765697750603
- conda: https://conda.anaconda.org/conda-forge/win-64/typst-0.14.2-h77a83cd_0.conda
  sha256: 6e6f4dfb5d3e43d627e248723ccc963c7889fc59e7039c67b4d6ca2aea20ea99
  md5: c7d150437cdf4a2facdb156fe1dbe9b7
  depends:
  - ucrt >=10.0.20348.0
  - vc >=14.3,<15
  - vc14_runtime >=14.44.35208
  license: Apache-2.0
  license_family: Apache
  size: 15463461
  timestamp: 1765698111186
- conda: https://conda.anaconda.org/conda-forge/noarch/tzdata-2025c-hc9c84f9_1.conda
  sha256: 1d30098909076af33a35017eed6f2953af1c769e273a0626a04722ac4acaba3c
  md5: ad659d0a2b3e47e38d829aa8cad2d610
  license: LicenseRef-Public-Domain
  size: 119135
  timestamp: 1767016325805
- conda: https://conda.anaconda.org/conda-forge/win-64/ucrt-10.0.26100.0-h57928b3_0.conda
  sha256: 3005729dce6f3d3f5ec91dfc49fc75a0095f9cd23bab49efb899657297ac91a5
  md5: 71b24316859acd00bdb8b38f5e2ce328
  constrains:
  - vc14_runtime >=14.29.30037
  - vs2015_runtime >=14.29.30037
  license: LicenseRef-MicrosoftWindowsSDK10
  size: 694692
  timestamp: 1756385147981
- conda: https://conda.anaconda.org/conda-forge/win-64/vc-14.5-h1b7c187_37.conda
  sha256: 67397a65e42537e9635f2be59f13437b1876ece09ce200b09deec81f186db98e
  md5: 3dbe647b692777a9aecab9832004d147
  depends:
  - vc14_runtime >=14.51.36231
  track_features:
  - vc14
  license: BSD-3-Clause
  license_family: BSD
  size: 20372
  timestamp: 1779261134447
- conda: https://conda.anaconda.org/conda-forge/win-64/vc14_runtime-14.51.36231-h1b9f54f_37.conda
  sha256: 4e83cc4e8c5513b5a0f174d9b0fe8f0ddc6adc71b28a289fe731415aef98c3e0
  md5: 96433009c79679ac14eed33479742be7
  depends:
  - ucrt >=10.0.20348.0
  - vcomp14 14.51.36231 h1b9f54f_37
  constrains:
  - vs2015_runtime 14.51.36231.* *_37
  license: LicenseRef-MicrosoftVisualCpp2015-2022Runtime
  license_family: Proprietary
  size: 742016
  timestamp: 1779261130367
- conda: https://conda.anaconda.org/conda-forge/win-64/vcomp14-14.51.36231-h1b9f54f_37.conda
  sha256: fec2c325c85505f3957f0bdb130418a09623bcaa9286239b15f8572a00d876a8
  md5: 776acae29085df3ad5f3123888ac7c1d
  depends:
  - ucrt >=10.0.20348.0
  constrains:
  - vs2015_runtime 14.51.36231.* *_37
  license: LicenseRef-MicrosoftVisualCpp2015-2022Runtime
  license_family: Proprietary
  size: 124184
  timestamp: 1779261112360
- conda: https://conda.anaconda.org/conda-forge/linux-64/xz-5.8.3-ha02ee65_0.conda
  sha256: 2553fd3ec0a1020b2ca05ca10b0036a596cb0d4bf3645922fcf69dacce0e6679
  md5: 6a1b6af49a334e4e06b9f103367762bf
  depends:
  - __glibc >=2.17,<3.0.a0
  - libgcc >=14
  - liblzma 5.8.3 hb03c661_0
  - liblzma-devel 5.8.3 hb03c661_0
  - xz-gpl-tools 5.8.3 ha02ee65_0
  - xz-tools 5.8.3 hb03c661_0
  license: 0BSD AND LGPL-2.1-or-later AND GPL-2.0-or-later
  size: 24360
  timestamp: 1775825568523
- conda: https://conda.anaconda.org/conda-forge/osx-64/xz-5.8.3-h6a5a847_0.conda
  sha256: ba5ad03c1c99c0bc62b92fb4630a33839e07b41f1b64c2d224f63a36b6ac1c00
  md5: 65aa14eb080715ecf13b15e5d85acde2
  depends:
  - __osx >=11.0
  - liblzma 5.8.3 hbb4bfdb_0
  - liblzma-devel 5.8.3 hbb4bfdb_0
  - xz-gpl-tools 5.8.3 h6a5a847_0
  - xz-tools 5.8.3 hbb4bfdb_0
  license: 0BSD AND LGPL-2.1-or-later AND GPL-2.0-or-later
  size: 24261
  timestamp: 1775826189380
- conda: https://conda.anaconda.org/conda-forge/osx-arm64/xz-5.8.3-hd0f0c4f_0.conda
  sha256: d5bb880876336f625523c022aa9bdc6be76a85df721d9e7b33c352f528619185
  md5: 4df12be699991b97b66a85cc46ea75b5
  depends:
  - __osx >=11.0
  - liblzma 5.8.3 h8088a28_0
  - liblzma-devel 5.8.3 h8088a28_0
  - xz-gpl-tools 5.8.3 hd0f0c4f_0
  - xz-tools 5.8.3 h8088a28_0
  license: 0BSD AND LGPL-2.1-or-later AND GPL-2.0-or-later
  size: 24348
  timestamp: 1775825911109
- conda: https://conda.anaconda.org/conda-forge/win-64/xz-5.8.3-hb6c8415_0.conda
  sha256: 2c34f766619921fd543095f26a2688b845fe2cb372b71488d232ad3612630bb7
  md5: 46f70d503d68c55c104a564928a39852
  depends:
  - liblzma 5.8.3 hfd05255_0
  - liblzma-devel 5.8.3 hfd05255_0
  - ucrt >=10.0.20348.0
  - vc >=14.3,<15
  - vc14_runtime >=14.44.35208
  - xz-tools 5.8.3 hfd05255_0
  license: 0BSD AND LGPL-2.1-or-later AND GPL-2.0-or-later
  size: 24697
  timestamp: 1775825746585
- conda: https://conda.anaconda.org/conda-forge/linux-64/xz-gpl-tools-5.8.3-ha02ee65_0.conda
  sha256: 8f139666ea18dc8340a44a54056627dd4e89e242e8cd136ab2467d6dc2c192ba
  md5: 8f5e2c6726c1339287a3c76a2c138ac7
  depends:
  - __glibc >=2.17,<3.0.a0
  - libgcc >=14
  - liblzma 5.8.3 hb03c661_0
  constrains:
  - xz 5.8.3.*
  license: 0BSD AND LGPL-2.1-or-later AND GPL-2.0-or-later
  size: 34213
  timestamp: 1775825548743
- conda: https://conda.anaconda.org/conda-forge/osx-64/xz-gpl-tools-5.8.3-h6a5a847_0.conda
  sha256: e9bbba55933e2d962f65b689796561e9b687c36fb388b42eba5c0c561c6fe574
  md5: f2d1a60e16eb0da1cac4f9d0129957da
  depends:
  - __osx >=11.0
  - liblzma 5.8.3 hbb4bfdb_0
  constrains:
  - xz 5.8.3.*
  license: 0BSD AND LGPL-2.1-or-later AND GPL-2.0-or-later
  size: 34168
  timestamp: 1775826151739
- conda: https://conda.anaconda.org/conda-forge/osx-arm64/xz-gpl-tools-5.8.3-hd0f0c4f_0.conda
  sha256: 0864d53202f618b4c8a5f2c38b7029f14b900b852e99b6248813303f69ccfdee
  md5: 43d168a8c95a8fcdcc44c2a0a7887653
  depends:
  - __osx >=11.0
  - liblzma 5.8.3 h8088a28_0
  constrains:
  - xz 5.8.3.*
  license: 0BSD AND LGPL-2.1-or-later AND GPL-2.0-or-later
  size: 34224
  timestamp: 1775825884830
- conda: https://conda.anaconda.org/conda-forge/linux-64/xz-tools-5.8.3-hb03c661_0.conda
  sha256: 162ebd76803464b8c8ebc7d45df32edf0ec717b3bf369a437ae3b0254f22dc2e
  md5: b62b615caa60812640f24db3a8d0fc87
  depends:
  - __glibc >=2.17,<3.0.a0
  - libgcc >=14
  - liblzma 5.8.3 hb03c661_0
  constrains:
  - xz 5.8.3.*
  license: 0BSD AND LGPL-2.1-or-later
  size: 95955
  timestamp: 1775825530484
- conda: https://conda.anaconda.org/conda-forge/osx-64/xz-tools-5.8.3-hbb4bfdb_0.conda
  sha256: 57fc818b986bf86c5dec503047d5ba2f97bf76f2de225a3e6fea0c87c6e973dd
  md5: 0a8d7aa810e8bef50429295f485fb14c
  depends:
  - __osx >=11.0
  - liblzma 5.8.3 hbb4bfdb_0
  constrains:
  - xz 5.8.3.*
  license: 0BSD AND LGPL-2.1-or-later
  size: 86264
  timestamp: 1775826113228
- conda: https://conda.anaconda.org/conda-forge/osx-arm64/xz-tools-5.8.3-h8088a28_0.conda
  sha256: beb7fb34d5517cce06f5f89710de7108a8ca65ed9c0324269fc0446807bcbd91
  md5: b8c47eab4e58fe7015a12ceb9d5b114c
  depends:
  - __osx >=11.0
  - liblzma 5.8.3 h8088a28_0
  constrains:
  - xz 5.8.3.*
  license: 0BSD AND LGPL-2.1-or-later
  size: 85931
  timestamp: 1775825857949
- conda: https://conda.anaconda.org/conda-forge/win-64/xz-tools-5.8.3-hfd05255_0.conda
  sha256: 96b8212ff33dd8a1df8c0f69c0ad7b3551496c3068576408c0bedf9260febae2
  md5: 01b20ff45704b888d218f31a3aa3ea2a
  depends:
  - liblzma 5.8.3 hfd05255_0
  - ucrt >=10.0.20348.0
  - vc >=14.3,<15
  - vc14_runtime >=14.44.35208
  constrains:
  - xz 5.8.3.*
  license: 0BSD AND LGPL-2.1-or-later
  size: 68149
  timestamp: 1775825719953
- conda: https://conda.anaconda.org/conda-forge/linux-64/zstd-1.5.7-hb78ec9c_6.conda
  sha256: 68f0206ca6e98fea941e5717cec780ed2873ffabc0e1ed34428c061e2c6268c7
  md5: 4a13eeac0b5c8e5b8ab496e6c4ddd829
  depends:
  - __glibc >=2.17,<3.0.a0
  - libzlib >=1.3.1,<2.0a0
  license: BSD-3-Clause
  license_family: BSD
  size: 601375
  timestamp: 1764777111296
